# This file is automatically @generated by Cargo.
# It is not intended for manual editing.
version = 4

[[package]]
name = "aula01"
version = "0.1.0"
source = "registry+https://github.com/rust-lang/crates.io-index"
checksum = "d7a4db2110ba04661766bc409cc3759c6827dc4853c6d6c7e7029df84f839411"

[[package]]
name = "aula02"
version = "0.1.0"
dependencies = [
 "aula01",
]
